
Microsoft Visual Studio Solution File, Format Version 12.00
# Visual Studio Version 17
VisualStudioVersion = 17.11.35208.52
MinimumVisualStudioVersion = 10.0.40219.1
Project("{FAE04EC0-301F-11D3-BF4B-00C04F79EFBC}") = "Markdown_TestProject", "Markdown_TestProject.csproj", "{89029A3E-2E75-4E00-9F4A-1DC9C4E9E3EC}"
EndProject
Global
	GlobalSection(SolutionConfigurationPlatforms) = preSolution
		Debug|Any CPU = Debug|Any CPU
		Release|Any CPU = Release|Any CPU
	EndGlobalSection
	GlobalSection(ProjectConfigurationPlatforms) = postSolution
		{89029A3E-2E75-4E00-9F4A-1DC9C4E9E3EC}.Debug|Any CPU.ActiveCfg = Debug|Any CPU
		{89029A3E-2E75-4E00-9F4A-1DC9C4E9E3EC}.Debug|Any CPU.Build.0 = Debug|Any CPU
		{89029A3E-2E75-4E00-9F4A-1DC9C4E9E3EC}.Release|Any CPU.ActiveCfg = Release|Any CPU
		{89029A3E-2E75-4E00-9F4A-1DC9C4E9E3EC}.Release|Any CPU.Build.0 = Release|Any CPU
	EndGlobalSection
	GlobalSection(SolutionProperties) = preSolution
		HideSolutionNode = FALSE
	EndGlobalSection
	GlobalSection(ExtensibilityGlobals) = postSolution
		SolutionGuid = {A5A8708B-FE12-40EB-BF12-C8A2C743D0B9}
	EndGlobalSection
EndGlobal
